{
  "name": "zedd-clarity",
  "version": "1.0.0",
  "lockfileVersion": 1,
  "requires": true,
  "dependencies": {
    "@fast-csv/format": {
      "version": "4.1.2",
      "resolved": "https://registry.npmjs.org/@fast-csv/format/-/format-4.1.2.tgz",
      "integrity": "sha512-ERW7QuIEYa/eJArjzEKWe8Sdj9aNBLDjMfZw+EpcIb9CFOMz7SNZl8ElWOjcUU8Gj088TerBSGvUoCZN0SoXig==",
      "requires": {
        "lodash.escaperegexp": "^4.1.2",
        "lodash.isboolean": "^3.0.3",
        "lodash.isequal": "^4.5.0",
        "lodash.isfunction": "^3.0.9",
        "lodash.isnil": "^4.0.0"
      }
    },
    "@fast-csv/parse": {
      "version": "4.1.2",
      "resolved": "https://registry.npmjs.org/@fast-csv/parse/-/parse-4.1.2.tgz",
      "integrity": "sha512-GmgHo1EHB5/M2v3tAj83l77PxGCxxYvx0s/PoWM/fp5PrS8ECtX0THKsuJ0jO3+BkpaHhX3/UZFOBnfcEw1FkQ==",
      "requires": {
        "lodash.escaperegexp": "^4.1.2",
        "lodash.groupby": "^4.6.0",
        "lodash.isfunction": "^3.0.9",
        "lodash.isnil": "^4.0.0",
        "lodash.isundefined": "^3.0.1",
        "lodash.uniq": "^4.5.0"
      }
    },
    "@types/deep-equal": {
      "version": "1.0.1",
      "resolved": "https://registry.npmjs.org/@types/deep-equal/-/deep-equal-1.0.1.tgz",
      "integrity": "sha512-mMUu4nWHLBlHtxXY17Fg6+ucS/MnndyOWyOe7MmwkoMYxvfQU2ajtRaEvqSUv+aVkMqH/C0NCI8UoVfRNQ10yg=="
    },
    "@types/lodash": {
      "version": "4.14.149",
      "resolved": "https://registry.npmjs.org/@types/lodash/-/lodash-4.14.149.tgz",
      "integrity": "sha512-ijGqzZt/b7BfzcK9vTrS6MFljQRPn5BFWOx8oE0GYxribu6uV+aA9zZuXI1zc/etK9E8nrgdoF2+LgUw7+9tJQ=="
    },
    "@types/node": {
      "version": "12.12.34",
      "resolved": "https://registry.npmjs.org/@types/node/-/node-12.12.34.tgz",
      "integrity": "sha512-BneGN0J9ke24lBRn44hVHNeDlrXRYF+VRp0HbSUNnEZahXGAysHZIqnf/hER6aabdBgzM4YOV4jrR8gj4Zfi0g=="
    },
    "@types/selenium-webdriver": {
      "version": "4.0.9",
      "resolved": "https://registry.npmjs.org/@types/selenium-webdriver/-/selenium-webdriver-4.0.9.tgz",
      "integrity": "sha512-HopIwBE7GUXsscmt/J0DhnFXLSmO04AfxT6b8HAprknwka7pqEWquWDMXxCjd+NUHK9MkCe1SDKKsMiNmCItbQ=="
    },
    "arg": {
      "version": "4.1.3",
      "resolved": "https://registry.npmjs.org/arg/-/arg-4.1.3.tgz",
      "integrity": "sha512-58S9QDqG0Xx27YwPSt9fJxivjYl432YCwfDMfZ+71RAqUrZef7LrKQZ3LHLOwCS4FLNBplP533Zx895SeOCHvA=="
    },
    "balanced-match": {
      "version": "1.0.0",
      "resolved": "https://registry.npmjs.org/balanced-match/-/balanced-match-1.0.0.tgz",
      "integrity": "sha1-ibTRmasr7kneFk6gK4nORi1xt2c="
    },
    "brace-expansion": {
      "version": "1.1.11",
      "resolved": "https://registry.npmjs.org/brace-expansion/-/brace-expansion-1.1.11.tgz",
      "integrity": "sha512-iCuPHDFgrHX7H2vEI/5xpz07zSHB00TpugqhmYtVmMO6518mCuRMoOYFldEBl0g187ufozdaHgWKcYFb61qGiA==",
      "requires": {
        "balanced-match": "^1.0.0",
        "concat-map": "0.0.1"
      }
    },
    "buffer-from": {
      "version": "1.1.1",
      "resolved": "https://registry.npmjs.org/buffer-from/-/buffer-from-1.1.1.tgz",
      "integrity": "sha512-MQcXEUbCKtEo7bhqEs6560Hyd4XaovZlO/k9V3hjVUF/zwW7KBVdSK4gIt/bzwS9MbR5qob+F5jusZsb0YQK2A=="
    },
    "concat-map": {
      "version": "0.0.1",
      "resolved": "https://registry.npmjs.org/concat-map/-/concat-map-0.0.1.tgz",
      "integrity": "sha1-2Klr13/Wjfd5OnMDajug1UBdR3s="
    },
    "core-util-is": {
      "version": "1.0.2",
      "resolved": "https://registry.npmjs.org/core-util-is/-/core-util-is-1.0.2.tgz",
      "integrity": "sha1-tf1UIgqivFq1eqtxQMlAdUUDwac="
    },
    "date-fns": {
      "version": "2.11.1",
      "resolved": "https://registry.npmjs.org/date-fns/-/date-fns-2.11.1.tgz",
      "integrity": "sha512-3RdUoinZ43URd2MJcquzBbDQo+J87cSzB8NkXdZiN5ia1UNyep0oCyitfiL88+R7clGTeq/RniXAc16gWyAu1w=="
    },
    "deep-equal": {
      "version": "2.0.1",
      "resolved": "https://registry.npmjs.org/deep-equal/-/deep-equal-2.0.1.tgz",
      "integrity": "sha512-7Et6r6XfNW61CPPCIYfm1YPGSmh6+CliYeL4km7GWJcpX5LTAflGF8drLLR+MZX+2P3NZfAfSduutBbSWqER4g==",
      "requires": {
        "es-abstract": "^1.16.3",
        "es-get-iterator": "^1.0.1",
        "is-arguments": "^1.0.4",
        "is-date-object": "^1.0.1",
        "is-regex": "^1.0.4",
        "isarray": "^2.0.5",
        "object-is": "^1.0.1",
        "object-keys": "^1.1.1",
        "regexp.prototype.flags": "^1.2.0",
        "side-channel": "^1.0.1",
        "which-boxed-primitive": "^1.0.1",
        "which-collection": "^1.0.0"
      }
    },
    "define-properties": {
      "version": "1.1.3",
      "resolved": "https://registry.npmjs.org/define-properties/-/define-properties-1.1.3.tgz",
      "integrity": "sha512-3MqfYKj2lLzdMSf8ZIZE/V+Zuy+BgD6f164e8K2w7dgnpKArBDerGYpM46IYYcjnkdPNMjPk9A6VFB8+3SKlXQ==",
      "requires": {
        "object-keys": "^1.0.12"
      }
    },
    "diff": {
      "version": "4.0.2",
      "resolved": "https://registry.npmjs.org/diff/-/diff-4.0.2.tgz",
      "integrity": "sha512-58lmxKSA4BNyLz+HHMUzlOEpg09FV+ev6ZMe3vJihgdxzgcwZ8VoEEPmALCZG9LmqfVoNMMKpttIYTVG6uDY7A=="
    },
    "es-abstract": {
      "version": "1.17.5",
      "resolved": "https://registry.npmjs.org/es-abstract/-/es-abstract-1.17.5.tgz",
      "integrity": "sha512-BR9auzDbySxOcfog0tLECW8l28eRGpDpU3Dm3Hp4q/N+VtLTmyj4EUN088XZWQDW/hzj6sYRDXeOFsaAODKvpg==",
      "requires": {
        "es-to-primitive": "^1.2.1",
        "function-bind": "^1.1.1",
        "has": "^1.0.3",
        "has-symbols": "^1.0.1",
        "is-callable": "^1.1.5",
        "is-regex": "^1.0.5",
        "object-inspect": "^1.7.0",
        "object-keys": "^1.1.1",
        "object.assign": "^4.1.0",
        "string.prototype.trimleft": "^2.1.1",
        "string.prototype.trimright": "^2.1.1"
      }
    },
    "es-get-iterator": {
      "version": "1.1.0",
      "resolved": "https://registry.npmjs.org/es-get-iterator/-/es-get-iterator-1.1.0.tgz",
      "integrity": "sha512-UfrmHuWQlNMTs35e1ypnvikg6jCz3SK8v8ImvmDsh36fCVUR1MqoFDiyn0/k52C8NqO3YsO8Oe0azeesNuqSsQ==",
      "requires": {
        "es-abstract": "^1.17.4",
        "has-symbols": "^1.0.1",
        "is-arguments": "^1.0.4",
        "is-map": "^2.0.1",
        "is-set": "^2.0.1",
        "is-string": "^1.0.5",
        "isarray": "^2.0.5"
      }
    },
    "es-to-primitive": {
      "version": "1.2.1",
      "resolved": "https://registry.npmjs.org/es-to-primitive/-/es-to-primitive-1.2.1.tgz",
      "integrity": "sha512-QCOllgZJtaUo9miYBcLChTUaHNjJF3PYs1VidD7AwiEj1kYxKeQTctLAezAOH5ZKRH0g2IgPn6KwB4IT8iRpvA==",
      "requires": {
        "is-callable": "^1.1.4",
        "is-date-object": "^1.0.1",
        "is-symbol": "^1.0.2"
      }
    },
    "fast-csv": {
      "version": "4.1.3",
      "resolved": "https://registry.npmjs.org/fast-csv/-/fast-csv-4.1.3.tgz",
      "integrity": "sha512-W2ifln3p+/Fv2tPRQq5Et8BdRb6/f4EhncmRMZHWlvZHr/s9uMe7ZVDtwD1kskwKDmTLsq63hPcJDtO4NYZr9w==",
      "requires": {
        "@fast-csv/format": "^4.1.2",
        "@fast-csv/parse": "^4.1.2",
        "@types/node": "^12.12.17"
      }
    },
    "fs.realpath": {
      "version": "1.0.0",
      "resolved": "https://registry.npmjs.org/fs.realpath/-/fs.realpath-1.0.0.tgz",
      "integrity": "sha1-FQStJSMVjKpA20onh8sBQRmU6k8="
    },
    "function-bind": {
      "version": "1.1.1",
      "resolved": "https://registry.npmjs.org/function-bind/-/function-bind-1.1.1.tgz",
      "integrity": "sha512-yIovAzMX49sF8Yl58fSCWJ5svSLuaibPxXQJFLmBObTuCr0Mf1KiPopGM9NiFjiYBCbfaa2Fh6breQ6ANVTI0A=="
    },
    "glob": {
      "version": "7.1.6",
      "resolved": "https://registry.npmjs.org/glob/-/glob-7.1.6.tgz",
      "integrity": "sha512-LwaxwyZ72Lk7vZINtNNrywX0ZuLyStrdDtabefZKAY5ZGJhVtgdznluResxNmPitE0SAO+O26sWTHeKSI2wMBA==",
      "requires": {
        "fs.realpath": "^1.0.0",
        "inflight": "^1.0.4",
        "inherits": "2",
        "minimatch": "^3.0.4",
        "once": "^1.3.0",
        "path-is-absolute": "^1.0.0"
      }
    },
    "has": {
      "version": "1.0.3",
      "resolved": "https://registry.npmjs.org/has/-/has-1.0.3.tgz",
      "integrity": "sha512-f2dvO0VU6Oej7RkWJGrehjbzMAjFp5/VKPp5tTpWIV4JHHZK1/BxbFRtf/siA2SWTe09caDmVtYYzWEIbBS4zw==",
      "requires": {
        "function-bind": "^1.1.1"
      }
    },
    "has-symbols": {
      "version": "1.0.1",
      "resolved": "https://registry.npmjs.org/has-symbols/-/has-symbols-1.0.1.tgz",
      "integrity": "sha512-PLcsoqu++dmEIZB+6totNFKq/7Do+Z0u4oT0zKOJNl3lYK6vGwwu2hjHs+68OEZbTjiUE9bgOABXbP/GvrS0Kg=="
    },
    "immediate": {
      "version": "3.0.6",
      "resolved": "https://registry.npmjs.org/immediate/-/immediate-3.0.6.tgz",
      "integrity": "sha1-nbHb0Pr43m++D13V5Wu2BigN5ps="
    },
    "inflight": {
      "version": "1.0.6",
      "resolved": "https://registry.npmjs.org/inflight/-/inflight-1.0.6.tgz",
      "integrity": "sha1-Sb1jMdfQLQwJvJEKEHW6gWW1bfk=",
      "requires": {
        "once": "^1.3.0",
        "wrappy": "1"
      }
    },
    "inherits": {
      "version": "2.0.4",
      "resolved": "https://registry.npmjs.org/inherits/-/inherits-2.0.4.tgz",
      "integrity": "sha512-k/vGaX4/Yla3WzyMCvTQOXYeIHvqOKtnqBduzTHpzpQZzAskKMhZ2K+EnBiSM9zGSoIFeMpXKxa4dYeZIQqewQ=="
    },
    "is-arguments": {
      "version": "1.0.4",
      "resolved": "https://registry.npmjs.org/is-arguments/-/is-arguments-1.0.4.tgz",
      "integrity": "sha512-xPh0Rmt8NE65sNzvyUmWgI1tz3mKq74lGA0mL8LYZcoIzKOzDh6HmrYm3d18k60nHerC8A9Km8kYu87zfSFnLA=="
    },
    "is-bigint": {
      "version": "1.0.0",
      "resolved": "https://registry.npmjs.org/is-bigint/-/is-bigint-1.0.0.tgz",
      "integrity": "sha512-t5mGUXC/xRheCK431ylNiSkGGpBp8bHENBcENTkDT6ppwPzEVxNGZRvgvmOEfbWkFhA7D2GEuE2mmQTr78sl2g=="
    },
    "is-boolean-object": {
      "version": "1.0.1",
      "resolved": "https://registry.npmjs.org/is-boolean-object/-/is-boolean-object-1.0.1.tgz",
      "integrity": "sha512-TqZuVwa/sppcrhUCAYkGBk7w0yxfQQnxq28fjkO53tnK9FQXmdwz2JS5+GjsWQ6RByES1K40nI+yDic5c9/aAQ=="
    },
    "is-callable": {
      "version": "1.1.5",
      "resolved": "https://registry.npmjs.org/is-callable/-/is-callable-1.1.5.tgz",
      "integrity": "sha512-ESKv5sMCJB2jnHTWZ3O5itG+O128Hsus4K4Qh1h2/cgn2vbgnLSVqfV46AeJA9D5EeeLa9w81KUXMtn34zhX+Q=="
    },
    "is-date-object": {
      "version": "1.0.2",
      "resolved": "https://registry.npmjs.org/is-date-object/-/is-date-object-1.0.2.tgz",
      "integrity": "sha512-USlDT524woQ08aoZFzh3/Z6ch9Y/EWXEHQ/AaRN0SkKq4t2Jw2R2339tSXmwuVoY7LLlBCbOIlx2myP/L5zk0g=="
    },
    "is-map": {
      "version": "2.0.1",
      "resolved": "https://registry.npmjs.org/is-map/-/is-map-2.0.1.tgz",
      "integrity": "sha512-T/S49scO8plUiAOA2DBTBG3JHpn1yiw0kRp6dgiZ0v2/6twi5eiB0rHtHFH9ZIrvlWc6+4O+m4zg5+Z833aXgw=="
    },
    "is-number-object": {
      "version": "1.0.4",
      "resolved": "https://registry.npmjs.org/is-number-object/-/is-number-object-1.0.4.tgz",
      "integrity": "sha512-zohwelOAur+5uXtk8O3GPQ1eAcu4ZX3UwxQhUlfFFMNpUd83gXgjbhJh6HmB6LUNV/ieOLQuDwJO3dWJosUeMw=="
    },
    "is-regex": {
      "version": "1.0.5",
      "resolved": "https://registry.npmjs.org/is-regex/-/is-regex-1.0.5.tgz",
      "integrity": "sha512-vlKW17SNq44owv5AQR3Cq0bQPEb8+kF3UKZ2fiZNOWtztYE5i0CzCZxFDwO58qAOWtxdBRVO/V5Qin1wjCqFYQ==",
      "requires": {
        "has": "^1.0.3"
      }
    },
    "is-set": {
      "version": "2.0.1",
      "resolved": "https://registry.npmjs.org/is-set/-/is-set-2.0.1.tgz",
      "integrity": "sha512-eJEzOtVyenDs1TMzSQ3kU3K+E0GUS9sno+F0OBT97xsgcJsF9nXMBtkT9/kut5JEpM7oL7X/0qxR17K3mcwIAA=="
    },
    "is-string": {
      "version": "1.0.5",
      "resolved": "https://registry.npmjs.org/is-string/-/is-string-1.0.5.tgz",
      "integrity": "sha512-buY6VNRjhQMiF1qWDouloZlQbRhDPCebwxSjxMjxgemYT46YMd2NR0/H+fBhEfWX4A/w9TBJ+ol+okqJKFE6vQ=="
    },
    "is-symbol": {
      "version": "1.0.3",
      "resolved": "https://registry.npmjs.org/is-symbol/-/is-symbol-1.0.3.tgz",
      "integrity": "sha512-OwijhaRSgqvhm/0ZdAcXNZt9lYdKFpcRDT5ULUuYXPoT794UNOdU+gpT6Rzo7b4V2HUl/op6GqY894AZwv9faQ==",
      "requires": {
        "has-symbols": "^1.0.1"
      }
    },
    "is-weakmap": {
      "version": "2.0.1",
      "resolved": "https://registry.npmjs.org/is-weakmap/-/is-weakmap-2.0.1.tgz",
      "integrity": "sha512-NSBR4kH5oVj1Uwvv970ruUkCV7O1mzgVFO4/rev2cLRda9Tm9HrL70ZPut4rOHgY0FNrUu9BCbXA2sdQ+x0chA=="
    },
    "is-weakset": {
      "version": "2.0.1",
      "resolved": "https://registry.npmjs.org/is-weakset/-/is-weakset-2.0.1.tgz",
      "integrity": "sha512-pi4vhbhVHGLxohUw7PhGsueT4vRGFoXhP7+RGN0jKIv9+8PWYCQTqtADngrxOm2g46hoH0+g8uZZBzMrvVGDmw=="
    },
    "isarray": {
      "version": "2.0.5",
      "resolved": "https://registry.npmjs.org/isarray/-/isarray-2.0.5.tgz",
      "integrity": "sha512-xHjhDr3cNBK0BzdUJSPXZntQUx/mwMS5Rw4A7lPJ90XGAO6ISP/ePDNuo0vhqOZU+UD5JoodwCAAoZQd3FeAKw=="
    },
    "jszip": {
      "version": "3.2.2",
      "resolved": "https://registry.npmjs.org/jszip/-/jszip-3.2.2.tgz",
      "integrity": "sha512-NmKajvAFQpbg3taXQXr/ccS2wcucR1AZ+NtyWp2Nq7HHVsXhcJFR8p0Baf32C2yVvBylFWVeKf+WI2AnvlPhpA==",
      "requires": {
        "lie": "~3.3.0",
        "pako": "~1.0.2",
        "readable-stream": "~2.3.6",
        "set-immediate-shim": "~1.0.1"
      }
    },
    "lie": {
      "version": "3.3.0",
      "resolved": "https://registry.npmjs.org/lie/-/lie-3.3.0.tgz",
      "integrity": "sha512-UaiMJzeWRlEujzAuw5LokY1L5ecNQYZKfmyZ9L7wDHb/p5etKaxXhohBcrw0EYby+G/NA52vRSN4N39dxHAIwQ==",
      "requires": {
        "immediate": "~3.0.5"
      }
    },
    "lodash": {
      "version": "4.17.15",
      "resolved": "https://registry.npmjs.org/lodash/-/lodash-4.17.15.tgz",
      "integrity": "sha512-8xOcRHvCjnocdS5cpwXQXVzmmh5e5+saE2QGoeQmbKmRS6J3VQppPOIt0MnmE+4xlZoumy0GPG0D0MVIQbNA1A=="
    },
    "lodash.escaperegexp": {
      "version": "4.1.2",
      "resolved": "https://registry.npmjs.org/lodash.escaperegexp/-/lodash.escaperegexp-4.1.2.tgz",
      "integrity": "sha1-ZHYsSGGAglGKw99Mz11YhtriA0c="
    },
    "lodash.groupby": {
      "version": "4.6.0",
      "resolved": "https://registry.npmjs.org/lodash.groupby/-/lodash.groupby-4.6.0.tgz",
      "integrity": "sha1-Cwih3PaDl8OXhVwyOXg4Mt90A9E="
    },
    "lodash.isboolean": {
      "version": "3.0.3",
      "resolved": "https://registry.npmjs.org/lodash.isboolean/-/lodash.isboolean-3.0.3.tgz",
      "integrity": "sha1-bC4XHbKiV82WgC/UOwGyDV9YcPY="
    },
    "lodash.isequal": {
      "version": "4.5.0",
      "resolved": "https://registry.npmjs.org/lodash.isequal/-/lodash.isequal-4.5.0.tgz",
      "integrity": "sha1-QVxEePK8wwEgwizhDtMib30+GOA="
    },
    "lodash.isfunction": {
      "version": "3.0.9",
      "resolved": "https://registry.npmjs.org/lodash.isfunction/-/lodash.isfunction-3.0.9.tgz",
      "integrity": "sha512-AirXNj15uRIMMPihnkInB4i3NHeb4iBtNg9WRWuK2o31S+ePwwNmDPaTL3o7dTJ+VXNZim7rFs4rxN4YU1oUJw=="
    },
    "lodash.isnil": {
      "version": "4.0.0",
      "resolved": "https://registry.npmjs.org/lodash.isnil/-/lodash.isnil-4.0.0.tgz",
      "integrity": "sha1-SeKM1VkBNFjIFMVHnTxmOiG/qmw="
    },
    "lodash.isundefined": {
      "version": "3.0.1",
      "resolved": "https://registry.npmjs.org/lodash.isundefined/-/lodash.isundefined-3.0.1.tgz",
      "integrity": "sha1-I+89lTVWUgOmbO/VuDD4SJEa+0g="
    },
    "lodash.uniq": {
      "version": "4.5.0",
      "resolved": "https://registry.npmjs.org/lodash.uniq/-/lodash.uniq-4.5.0.tgz",
      "integrity": "sha1-0CJTc662Uq3BvILklFM5qEJ1R3M="
    },
    "make-error": {
      "version": "1.3.6",
      "resolved": "https://registry.npmjs.org/make-error/-/make-error-1.3.6.tgz",
      "integrity": "sha512-s8UhlNe7vPKomQhC1qFelMokr/Sc3AgNbso3n74mVPA5LTZwkB9NlXf4XPamLxJE8h0gh73rM94xvwRT2CVInw=="
    },
    "minimatch": {
      "version": "3.0.4",
      "resolved": "https://registry.npmjs.org/minimatch/-/minimatch-3.0.4.tgz",
      "integrity": "sha512-yJHVQEhyqPLUTgt9B83PXu6W3rx4MvvHvSUvToogpwoGDOUQ+yDrR0HRot+yOCdCO7u4hX3pWft6kWBBcqh0UA==",
      "requires": {
        "brace-expansion": "^1.1.7"
      }
    },
    "object-inspect": {
      "version": "1.7.0",
      "resolved": "https://registry.npmjs.org/object-inspect/-/object-inspect-1.7.0.tgz",
      "integrity": "sha512-a7pEHdh1xKIAgTySUGgLMx/xwDZskN1Ud6egYYN3EdRW4ZMPNEDUTF+hwy2LUC+Bl+SyLXANnwz/jyh/qutKUw=="
    },
    "object-is": {
      "version": "1.0.2",
      "resolved": "https://registry.npmjs.org/object-is/-/object-is-1.0.2.tgz",
      "integrity": "sha512-Epah+btZd5wrrfjkJZq1AOB9O6OxUQto45hzFd7lXGrpHPGE0W1k+426yrZV+k6NJOzLNNW/nVsmZdIWsAqoOQ=="
    },
    "object-keys": {
      "version": "1.1.1",
      "resolved": "https://registry.npmjs.org/object-keys/-/object-keys-1.1.1.tgz",
      "integrity": "sha512-NuAESUOUMrlIXOfHKzD6bpPu3tYt3xvjNdRIQ+FeT0lNb4K8WR70CaDxhuNguS2XG+GjkyMwOzsN5ZktImfhLA=="
    },
    "object.assign": {
      "version": "4.1.0",
      "resolved": "https://registry.npmjs.org/object.assign/-/object.assign-4.1.0.tgz",
      "integrity": "sha512-exHJeq6kBKj58mqGyTQ9DFvrZC/eR6OwxzoM9YRoGBqrXYonaFyGiFMuc9VZrXf7DarreEwMpurG3dd+CNyW5w==",
      "requires": {
        "define-properties": "^1.1.2",
        "function-bind": "^1.1.1",
        "has-symbols": "^1.0.0",
        "object-keys": "^1.0.11"
      }
    },
    "once": {
      "version": "1.4.0",
      "resolved": "https://registry.npmjs.org/once/-/once-1.4.0.tgz",
      "integrity": "sha1-WDsap3WWHUsROsF9nFC6753Xa9E=",
      "requires": {
        "wrappy": "1"
      }
    },
    "os-tmpdir": {
      "version": "1.0.2",
      "resolved": "https://registry.npmjs.org/os-tmpdir/-/os-tmpdir-1.0.2.tgz",
      "integrity": "sha1-u+Z0BseaqFxc/sdm/lc0VV36EnQ="
    },
    "pako": {
      "version": "1.0.11",
      "resolved": "https://registry.npmjs.org/pako/-/pako-1.0.11.tgz",
      "integrity": "sha512-4hLB8Py4zZce5s4yd9XzopqwVv/yGNhV1Bl8NTmCq1763HeK2+EwVTv+leGeL13Dnh2wfbqowVPXCIO0z4taYw=="
    },
    "path-is-absolute": {
      "version": "1.0.1",
      "resolved": "https://registry.npmjs.org/path-is-absolute/-/path-is-absolute-1.0.1.tgz",
      "integrity": "sha1-F0uSaHNVNP+8es5r9TpanhtcX18="
    },
    "process-nextick-args": {
      "version": "2.0.1",
      "resolved": "https://registry.npmjs.org/process-nextick-args/-/process-nextick-args-2.0.1.tgz",
      "integrity": "sha512-3ouUOpQhtgrbOa17J7+uxOTpITYWaGP7/AhoR3+A+/1e9skrzelGi/dXzEYyvbxubEF6Wn2ypscTKiKJFFn1ag=="
    },
    "readable-stream": {
      "version": "2.3.7",
      "resolved": "https://registry.npmjs.org/readable-stream/-/readable-stream-2.3.7.tgz",
      "integrity": "sha512-Ebho8K4jIbHAxnuxi7o42OrZgF/ZTNcsZj6nRKyUmkhLFq8CHItp/fy6hQZuZmP/n3yZ9VBUbp4zz/mX8hmYPw==",
      "requires": {
        "core-util-is": "~1.0.0",
        "inherits": "~2.0.3",
        "isarray": "~1.0.0",
        "process-nextick-args": "~2.0.0",
        "safe-buffer": "~5.1.1",
        "string_decoder": "~1.1.1",
        "util-deprecate": "~1.0.1"
      },
      "dependencies": {
        "isarray": {
          "version": "1.0.0",
          "resolved": "https://registry.npmjs.org/isarray/-/isarray-1.0.0.tgz",
          "integrity": "sha1-u5NdSFgsuhaMBoNJV6VKPgcSTxE="
        }
      }
    },
    "regexp.prototype.flags": {
      "version": "1.3.0",
      "resolved": "https://registry.npmjs.org/regexp.prototype.flags/-/regexp.prototype.flags-1.3.0.tgz",
      "integrity": "sha512-2+Q0C5g951OlYlJz6yu5/M33IcsESLlLfsyIaLJaG4FA2r4yP8MvVMJUUP/fVBkSpbbbZlS5gynbEWLipiiXiQ==",
      "requires": {
        "define-properties": "^1.1.3",
        "es-abstract": "^1.17.0-next.1"
      }
    },
    "rimraf": {
      "version": "2.7.1",
      "resolved": "https://registry.npmjs.org/rimraf/-/rimraf-2.7.1.tgz",
      "integrity": "sha512-uWjbaKIK3T1OSVptzX7Nl6PvQ3qAGtKEtVRjRuazjfL3Bx5eI409VZSqgND+4UNnmzLVdPj9FqFJNPqBZFve4w==",
      "requires": {
        "glob": "^7.1.3"
      }
    },
    "safe-buffer": {
      "version": "5.1.2",
      "resolved": "https://registry.npmjs.org/safe-buffer/-/safe-buffer-5.1.2.tgz",
      "integrity": "sha512-Gd2UZBJDkXlY7GbJxfsE8/nvKkUEU1G38c1siN6QP6a9PT9MmHB8GnpscSmMJSoF8LOIrt8ud/wPtojys4G6+g=="
    },
    "selenium-webdriver": {
      "version": "4.0.0-alpha.7",
      "resolved": "https://registry.npmjs.org/selenium-webdriver/-/selenium-webdriver-4.0.0-alpha.7.tgz",
      "integrity": "sha512-D4qnTsyTr91jT8f7MfN+OwY0IlU5+5FmlO5xlgRUV6hDEV8JyYx2NerdTEqDDkNq7RZDYc4VoPALk8l578RBHw==",
      "requires": {
        "jszip": "^3.2.2",
        "rimraf": "^2.7.1",
        "tmp": "0.0.30"
      }
    },
    "set-immediate-shim": {
      "version": "1.0.1",
      "resolved": "https://registry.npmjs.org/set-immediate-shim/-/set-immediate-shim-1.0.1.tgz",
      "integrity": "sha1-SysbJ+uAip+NzEgaWOXlb1mfP2E="
    },
    "side-channel": {
      "version": "1.0.2",
      "resolved": "https://registry.npmjs.org/side-channel/-/side-channel-1.0.2.tgz",
      "integrity": "sha512-7rL9YlPHg7Ancea1S96Pa8/QWb4BtXL/TZvS6B8XFetGBeuhAsfmUspK6DokBeZ64+Kj9TCNRD/30pVz1BvQNA==",
      "requires": {
        "es-abstract": "^1.17.0-next.1",
        "object-inspect": "^1.7.0"
      }
    },
    "sleep-promise": {
      "version": "8.0.1",
      "resolved": "https://registry.npmjs.org/sleep-promise/-/sleep-promise-8.0.1.tgz",
      "integrity": "sha1-jXlaJ+ojlT32tSuRCB5eImZZk8U="
    },
    "source-map": {
      "version": "0.6.1",
      "resolved": "https://registry.npmjs.org/source-map/-/source-map-0.6.1.tgz",
      "integrity": "sha512-UjgapumWlbMhkBgzT7Ykc5YXUT46F0iKu8SGXq0bcwP5dz/h0Plj6enJqjz1Zbq2l5WaqYnrVbwWOWMyF3F47g=="
    },
    "source-map-support": {
      "version": "0.5.16",
      "resolved": "https://registry.npmjs.org/source-map-support/-/source-map-support-0.5.16.tgz",
      "integrity": "sha512-efyLRJDr68D9hBBNIPWFjhpFzURh+KJykQwvMyW5UiZzYwoF6l4YMMDIJJEyFWxWCqfyxLzz6tSfUFR+kXXsVQ==",
      "requires": {
        "buffer-from": "^1.0.0",
        "source-map": "^0.6.0"
      }
    },
    "string.prototype.trimend": {
      "version": "1.0.0",
      "resolved": "https://registry.npmjs.org/string.prototype.trimend/-/string.prototype.trimend-1.0.0.tgz",
      "integrity": "sha512-EEJnGqa/xNfIg05SxiPSqRS7S9qwDhYts1TSLR1BQfYUfPe1stofgGKvwERK9+9yf+PpfBMlpBaCHucXGPQfUA==",
      "requires": {
        "define-properties": "^1.1.3",
        "es-abstract": "^1.17.5"
      }
    },
    "string.prototype.trimleft": {
      "version": "2.1.2",
      "resolved": "https://registry.npmjs.org/string.prototype.trimleft/-/string.prototype.trimleft-2.1.2.tgz",
      "integrity": "sha512-gCA0tza1JBvqr3bfAIFJGqfdRTyPae82+KTnm3coDXkZN9wnuW3HjGgN386D7hfv5CHQYCI022/rJPVlqXyHSw==",
      "requires": {
        "define-properties": "^1.1.3",
        "es-abstract": "^1.17.5",
        "string.prototype.trimstart": "^1.0.0"
      }
    },
    "string.prototype.trimright": {
      "version": "2.1.2",
      "resolved": "https://registry.npmjs.org/string.prototype.trimright/-/string.prototype.trimright-2.1.2.tgz",
      "integrity": "sha512-ZNRQ7sY3KroTaYjRS6EbNiiHrOkjihL9aQE/8gfQ4DtAC/aEBRHFJa44OmoWxGGqXuJlfKkZW4WcXErGr+9ZFg==",
      "requires": {
        "define-properties": "^1.1.3",
        "es-abstract": "^1.17.5",
        "string.prototype.trimend": "^1.0.0"
      }
    },
    "string.prototype.trimstart": {
      "version": "1.0.0",
      "resolved": "https://registry.npmjs.org/string.prototype.trimstart/-/string.prototype.trimstart-1.0.0.tgz",
      "integrity": "sha512-iCP8g01NFYiiBOnwG1Xc3WZLyoo+RuBymwIlWncShXDDJYWN6DbnM3odslBJdgCdRlq94B5s63NWAZlcn2CS4w==",
      "requires": {
        "define-properties": "^1.1.3",
        "es-abstract": "^1.17.5"
      }
    },
    "string_decoder": {
      "version": "1.1.1",
      "resolved": "https://registry.npmjs.org/string_decoder/-/string_decoder-1.1.1.tgz",
      "integrity": "sha512-n/ShnvDi6FHbbVfviro+WojiFzv+s8MPMHBczVePfUpDJLwoLT0ht1l4YwBCbi8pJAveEEdnkHyPyTP/mzRfwg==",
      "requires": {
        "safe-buffer": "~5.1.0"
      }
    },
    "tmp": {
      "version": "0.0.30",
      "resolved": "https://registry.npmjs.org/tmp/-/tmp-0.0.30.tgz",
      "integrity": "sha1-ckGdSovn1s51FI/YsyTlk6cRwu0=",
      "requires": {
        "os-tmpdir": "~1.0.1"
      }
    },
    "ts-node": {
      "version": "8.8.1",
      "resolved": "https://registry.npmjs.org/ts-node/-/ts-node-8.8.1.tgz",
      "integrity": "sha512-10DE9ONho06QORKAaCBpPiFCdW+tZJuY/84tyypGtl6r+/C7Asq0dhqbRZURuUlLQtZxxDvT8eoj8cGW0ha6Bg==",
      "requires": {
        "arg": "^4.1.0",
        "diff": "^4.0.1",
        "make-error": "^1.1.1",
        "source-map-support": "^0.5.6",
        "yn": "3.1.1"
      }
    },
    "typescript": {
      "version": "3.8.3",
      "resolved": "https://registry.npmjs.org/typescript/-/typescript-3.8.3.tgz",
      "integrity": "sha512-MYlEfn5VrLNsgudQTVJeNaQFUAI7DkhnOjdpAp4T+ku1TfQClewlbSuTVHiA+8skNBgaf02TL/kLOvig4y3G8w=="
    },
    "util-deprecate": {
      "version": "1.0.2",
      "resolved": "https://registry.npmjs.org/util-deprecate/-/util-deprecate-1.0.2.tgz",
      "integrity": "sha1-RQ1Nyfpw3nMnYvvS1KKJgUGaDM8="
    },
    "which-boxed-primitive": {
      "version": "1.0.1",
      "resolved": "https://registry.npmjs.org/which-boxed-primitive/-/which-boxed-primitive-1.0.1.tgz",
      "integrity": "sha512-7BT4TwISdDGBgaemWU0N0OU7FeAEJ9Oo2P1PHRm/FCWoEi2VLWC9b6xvxAA3C/NMpxg3HXVgi0sMmGbNUbNepQ==",
      "requires": {
        "is-bigint": "^1.0.0",
        "is-boolean-object": "^1.0.0",
        "is-number-object": "^1.0.3",
        "is-string": "^1.0.4",
        "is-symbol": "^1.0.2"
      }
    },
    "which-collection": {
      "version": "1.0.1",
      "resolved": "https://registry.npmjs.org/which-collection/-/which-collection-1.0.1.tgz",
      "integrity": "sha512-W8xeTUwaln8i3K/cY1nGXzdnVZlidBcagyNFtBdD5kxnb4TvGKR7FfSIS3mYpwWS1QUCutfKz8IY8RjftB0+1A==",
      "requires": {
        "is-map": "^2.0.1",
        "is-set": "^2.0.1",
        "is-weakmap": "^2.0.1",
        "is-weakset": "^2.0.1"
      }
    },
    "wrappy": {
      "version": "1.0.2",
      "resolved": "https://registry.npmjs.org/wrappy/-/wrappy-1.0.2.tgz",
      "integrity": "sha1-tSQ9jz7BqjXxNkYFvA0QNuMKtp8="
    },
    "yn": {
      "version": "3.1.1",
      "resolved": "https://registry.npmjs.org/yn/-/yn-3.1.1.tgz",
      "integrity": "sha512-Ux4ygGWsu2c7isFWe8Yu1YluJmqVhxqK2cLXNQA5AcC3QfbGNpM7fu0Y8b/z16pXLnFxZYvWhd3fhBY9DLmC6Q=="
    }
  }
}
